{
  "dependencies": {
    "money": {
      "version": "0.2.0"
    },
    "money-core": {
      "version": "0.1.11",
      "dependencies": {
        "ejson": {
          "version": "2.0.1",
          "dependencies": {
            "underscore": {
              "version": "1.7.0"
            }
          }
        }
      }
    }
  }
}
